github.com/fsnotify/fsnotify v1.4.9 h1:hsms1Qyu0jgnwNXIxa+/V/PDsU6CfLf6CNO8H7IWoS4=
github.com/fsnotify/fsnotify v1.4.9/go.mod h1:znqG4EE+3YCdAaPaxE2ZRY/06pZUdp0tY4IgpuI1SZQ=
github.com/ramr/go-reaper v0.2.0 h1:hhGZ1SRZ9fJfSEf9e14hRB4O0MafRwHK5O33j70qTNI=
github.com/ramr/go-reaper v0.2.0/go.mod h1:DFg2AhfQCvkJwRKUfsycOSSZELGBA9gt46ne3SOecJM=
golang.org/x/sys v0.0.0-20191005200804-aed5e4c7ecf9/go.mod h1:h1NjWce9XRLGQEsW7wpKNCjG9DtNlClVuFLEZdDNbEs=
golang.org/x/sys v0.0.0-20210317225723-c4fcb01b228e h1:XNp2Flc/1eWQGk5BLzqTAN7fQIwIbfyVTuVxXxZh73M=
golang.org/x/sys v0.0.0-20210317225723-c4fcb01b228e/go.mod h1:h1NjWce9XRLGQEsW7wpKNCjG9DtNlClVuFLEZdDNbEs=
